
Microsoft Visual Studio Solution File, Format Version 12.00
# Visual Studio Version 17
VisualStudioVersion = 17.1.32328.378
MinimumVisualStudioVersion = 10.0.40219.1
Project("{FAE04EC0-301F-11D3-BF4B-00C04F79EFBC}") = "CurrencyWebService", "CurrencyWebService\CurrencyWebService.csproj", "{EC668D67-5C90-4AEE-A202-1111297B7670}"
EndProject
Global
	GlobalSection(SolutionConfigurationPlatforms) = preSolution
		Debug|Any CPU = Debug|Any CPU
		Release|Any CPU = Release|Any CPU
	EndGlobalSection
	GlobalSection(ProjectConfigurationPlatforms) = postSolution
		{EC668D67-5C90-4AEE-A202-1111297B7670}.Debug|Any CPU.ActiveCfg = Debug|Any CPU
		{EC668D67-5C90-4AEE-A202-1111297B7670}.Debug|Any CPU.Build.0 = Debug|Any CPU
		{EC668D67-5C90-4AEE-A202-1111297B7670}.Release|Any CPU.ActiveCfg = Release|Any CPU
		{EC668D67-5C90-4AEE-A202-1111297B7670}.Release|Any CPU.Build.0 = Release|Any CPU
	EndGlobalSection
	GlobalSection(SolutionProperties) = preSolution
		HideSolutionNode = FALSE
	EndGlobalSection
	GlobalSection(ExtensibilityGlobals) = postSolution
		SolutionGuid = {3107FBEE-501A-4664-9872-51CB250659DC}
	EndGlobalSection
EndGlobal
